{
  "name": "yikeroom",
  "lockfileVersion": 2,
  "requires": true,
  "packages": {
    "": {
      "dependencies": {
        "axios": "^0.27.2",
        "bootstrap": "^3.4.1",
        "bootstrap-table": "^1.11.1",
        "jquery": "^3.6.0",
        "popper.js": "^1.16.1"
      }
    },
    "node_modules/_asynckit@0.4.0@asynckit": {
      "name": "asynckit",
      "version": "0.4.0",
      "license": "MIT"
    },
    "node_modules/_axios@0.27.2@axios": {
      "name": "axios",
      "version": "0.27.2",
      "license": "MIT",
      "dependencies": {
        "follow-redirects": "^1.14.9",
        "form-data": "^4.0.0"
      }
    },
    "node_modules/_axios@0.27.2@axios/node_modules/follow-redirects": {
      "resolved": "node_modules/_follow-redirects@1.15.1@follow-redirects",
      "link": true
    },
    "node_modules/_axios@0.27.2@axios/node_modules/form-data": {
      "resolved": "node_modules/_form-data@4.0.0@form-data",
      "link": true
    },
    "node_modules/_combined-stream@1.0.8@combined-stream": {
      "name": "combined-stream",
      "version": "1.0.8",
      "license": "MIT",
      "dependencies": {
        "delayed-stream": "~1.0.0"
      },
      "engines": {
        "node": ">= 0.8"
      }
    },
    "node_modules/_combined-stream@1.0.8@combined-stream/node_modules/delayed-stream": {
      "resolved": "node_modules/_delayed-stream@1.0.0@delayed-stream",
      "link": true
    },
    "node_modules/_delayed-stream@1.0.0@delayed-stream": {
      "name": "delayed-stream",
      "version": "1.0.0",
      "license": "MIT",
      "engines": {
        "node": ">=0.4.0"
      }
    },
    "node_modules/_follow-redirects@1.15.1@follow-redirects": {
      "name": "follow-redirects",
      "version": "1.15.1",
      "funding": [
        {
          "type": "individual",
          "url": "https://github.com/sponsors/RubenVerborgh"
        }
      ],
      "license": "MIT",
      "engines": {
        "node": ">=4.0"
      },
      "peerDependenciesMeta": {
        "debug": {
          "optional": true
        }
      }
    },
    "node_modules/_form-data@4.0.0@form-data": {
      "name": "form-data",
      "version": "4.0.0",
      "license": "MIT",
      "dependencies": {
        "asynckit": "^0.4.0",
        "combined-stream": "^1.0.8",
        "mime-types": "^2.1.12"
      },
      "engines": {
        "node": ">= 6"
      }
    },
    "node_modules/_form-data@4.0.0@form-data/node_modules/asynckit": {
      "resolved": "node_modules/_asynckit@0.4.0@asynckit",
      "link": true
    },
    "node_modules/_form-data@4.0.0@form-data/node_modules/combined-stream": {
      "resolved": "node_modules/_combined-stream@1.0.8@combined-stream",
      "link": true
    },
    "node_modules/_form-data@4.0.0@form-data/node_modules/mime-types": {
      "resolved": "node_modules/_mime-types@2.1.35@mime-types",
      "link": true
    },
    "node_modules/_mime-db@1.52.0@mime-db": {
      "name": "mime-db",
      "version": "1.52.0",
      "license": "MIT",
      "engines": {
        "node": ">= 0.6"
      }
    },
    "node_modules/_mime-types@2.1.35@mime-types": {
      "name": "mime-types",
      "version": "2.1.35",
      "license": "MIT",
      "dependencies": {
        "mime-db": "1.52.0"
      },
      "engines": {
        "node": ">= 0.6"
      }
    },
    "node_modules/_mime-types@2.1.35@mime-types/node_modules/mime-db": {
      "resolved": "node_modules/_mime-db@1.52.0@mime-db",
      "link": true
    },
    "node_modules/axios": {
      "resolved": "node_modules/_axios@0.27.2@axios",
      "link": true
    },
    "node_modules/bootstrap": {
      "version": "3.4.1",
      "resolved": "https://registry.npmjs.org/bootstrap/-/bootstrap-3.4.1.tgz",
      "integrity": "sha512-yN5oZVmRCwe5aKwzRj6736nSmKDX7pLYwsXiCj/EYmo16hODaBiT4En5btW/jhBF/seV+XMx3aYwukYC3A49DA==",
      "engines": {
        "node": ">=6"
      }
    },
    "node_modules/bootstrap-table": {
      "version": "1.11.1",
      "resolved": "https://registry.npmjs.org/bootstrap-table/-/bootstrap-table-1.11.1.tgz",
      "integrity": "sha512-RwPRgjfrc5wjI9tumXJPQUWHItGZGfjzcvnuLK0U202AIV59YsLJO+rY5XJz683jyf7DrofPfdFQ5U9/hP6yNg=="
    },
    "node_modules/jquery": {
      "version": "3.6.0",
      "resolved": "https://registry.npmjs.org/jquery/-/jquery-3.6.0.tgz",
      "integrity": "sha512-JVzAR/AjBvVt2BmYhxRCSYysDsPcssdmTFnzyLEts9qNwmjmu4JTAMYubEfwVOSwpQ1I1sKKFcxhZCI2buerfw=="
    },
    "node_modules/popper.js": {
      "version": "1.16.1",
      "resolved": "https://registry.npmjs.org/popper.js/-/popper.js-1.16.1.tgz",
      "integrity": "sha512-Wb4p1J4zyFTbM+u6WuO4XstYx4Ky9Cewe4DWrel7B0w6VVICvPwdOpotjzcf6eD8TsckVnIMNONQyPIUFOUbCQ==",
      "deprecated": "You can find the new Popper v2 at @popperjs/core, this package is dedicated to the legacy v1",
      "funding": {
        "type": "opencollective",
        "url": "https://opencollective.com/popperjs"
      }
    }
  },
  "dependencies": {
    "_asynckit@0.4.0@asynckit": {
      "version": "npm:asynckit@0.4.0"
    },
    "_axios@0.27.2@axios": {
      "version": "npm:axios@0.27.2",
      "requires": {
        "follow-redirects": "^1.14.9",
        "form-data": "^4.0.0"
      },
      "dependencies": {
        "follow-redirects": {
          "version": "file:node_modules/_follow-redirects@1.15.1@follow-redirects"
        },
        "form-data": {
          "version": "file:node_modules/_form-data@4.0.0@form-data",
          "requires": {
            "asynckit": "^0.4.0",
            "combined-stream": "^1.0.8",
            "mime-types": "^2.1.12"
          },
          "dependencies": {
            "asynckit": {
              "version": "file:node_modules/_asynckit@0.4.0@asynckit"
            },
            "combined-stream": {
              "version": "file:node_modules/_combined-stream@1.0.8@combined-stream",
              "requires": {
                "delayed-stream": "~1.0.0"
              },
              "dependencies": {
                "delayed-stream": {
                  "version": "file:node_modules/_delayed-stream@1.0.0@delayed-stream"
                }
              }
            },
            "mime-types": {
              "version": "file:node_modules/_mime-types@2.1.35@mime-types",
              "requires": {
                "mime-db": "1.52.0"
              },
              "dependencies": {
                "mime-db": {
                  "version": "file:node_modules/_mime-db@1.52.0@mime-db"
                }
              }
            }
          }
        }
      }
    },
    "_combined-stream@1.0.8@combined-stream": {
      "version": "npm:combined-stream@1.0.8",
      "requires": {
        "delayed-stream": "~1.0.0"
      },
      "dependencies": {
        "delayed-stream": {
          "version": "file:node_modules/_delayed-stream@1.0.0@delayed-stream"
        }
      }
    },
    "_delayed-stream@1.0.0@delayed-stream": {
      "version": "npm:delayed-stream@1.0.0"
    },
    "_follow-redirects@1.15.1@follow-redirects": {
      "version": "npm:follow-redirects@1.15.1"
    },
    "_form-data@4.0.0@form-data": {
      "version": "npm:form-data@4.0.0",
      "requires": {
        "asynckit": "^0.4.0",
        "combined-stream": "^1.0.8",
        "mime-types": "^2.1.12"
      },
      "dependencies": {
        "asynckit": {
          "version": "file:node_modules/_asynckit@0.4.0@asynckit"
        },
        "combined-stream": {
          "version": "file:node_modules/_combined-stream@1.0.8@combined-stream",
          "requires": {
            "delayed-stream": "~1.0.0"
          },
          "dependencies": {
            "delayed-stream": {
              "version": "file:node_modules/_delayed-stream@1.0.0@delayed-stream"
            }
          }
        },
        "mime-types": {
          "version": "file:node_modules/_mime-types@2.1.35@mime-types",
          "requires": {
            "mime-db": "1.52.0"
          },
          "dependencies": {
            "mime-db": {
              "version": "file:node_modules/_mime-db@1.52.0@mime-db"
            }
          }
        }
      }
    },
    "_mime-db@1.52.0@mime-db": {
      "version": "npm:mime-db@1.52.0"
    },
    "_mime-types@2.1.35@mime-types": {
      "version": "npm:mime-types@2.1.35",
      "requires": {
        "mime-db": "1.52.0"
      },
      "dependencies": {
        "mime-db": {
          "version": "file:node_modules/_mime-db@1.52.0@mime-db"
        }
      }
    },
    "axios": {
      "version": "file:node_modules/_axios@0.27.2@axios",
      "requires": {
        "follow-redirects": "^1.14.9",
        "form-data": "^4.0.0"
      },
      "dependencies": {
        "follow-redirects": {
          "version": "file:node_modules/_follow-redirects@1.15.1@follow-redirects"
        },
        "form-data": {
          "version": "file:node_modules/_form-data@4.0.0@form-data",
          "requires": {
            "asynckit": "^0.4.0",
            "combined-stream": "^1.0.8",
            "mime-types": "^2.1.12"
          },
          "dependencies": {
            "asynckit": {
              "version": "file:node_modules/_asynckit@0.4.0@asynckit"
            },
            "combined-stream": {
              "version": "file:node_modules/_combined-stream@1.0.8@combined-stream",
              "requires": {
                "delayed-stream": "~1.0.0"
              },
              "dependencies": {
                "delayed-stream": {
                  "version": "file:node_modules/_delayed-stream@1.0.0@delayed-stream"
                }
              }
            },
            "mime-types": {
              "version": "file:node_modules/_mime-types@2.1.35@mime-types",
              "requires": {
                "mime-db": "1.52.0"
              },
              "dependencies": {
                "mime-db": {
                  "version": "file:node_modules/_mime-db@1.52.0@mime-db"
                }
              }
            }
          }
        }
      }
    },
    "bootstrap": {
      "version": "3.4.1",
      "resolved": "https://registry.npmjs.org/bootstrap/-/bootstrap-3.4.1.tgz",
      "integrity": "sha512-yN5oZVmRCwe5aKwzRj6736nSmKDX7pLYwsXiCj/EYmo16hODaBiT4En5btW/jhBF/seV+XMx3aYwukYC3A49DA=="
    },
    "bootstrap-table": {
      "version": "1.11.1",
      "resolved": "https://registry.npmjs.org/bootstrap-table/-/bootstrap-table-1.11.1.tgz",
      "integrity": "sha512-RwPRgjfrc5wjI9tumXJPQUWHItGZGfjzcvnuLK0U202AIV59YsLJO+rY5XJz683jyf7DrofPfdFQ5U9/hP6yNg=="
    },
    "jquery": {
      "version": "3.6.0",
      "resolved": "https://registry.npmjs.org/jquery/-/jquery-3.6.0.tgz",
      "integrity": "sha512-JVzAR/AjBvVt2BmYhxRCSYysDsPcssdmTFnzyLEts9qNwmjmu4JTAMYubEfwVOSwpQ1I1sKKFcxhZCI2buerfw=="
    },
    "popper.js": {
      "version": "1.16.1",
      "resolved": "https://registry.npmjs.org/popper.js/-/popper.js-1.16.1.tgz",
      "integrity": "sha512-Wb4p1J4zyFTbM+u6WuO4XstYx4Ky9Cewe4DWrel7B0w6VVICvPwdOpotjzcf6eD8TsckVnIMNONQyPIUFOUbCQ=="
    }
  }
}
